{
  "version": 4,
  "terraform_version": "1.3.0",
  "serial": 27,
  "lineage": "3f0d84cc-8781-9ab1-609e-1f904b8e8880",
  "outputs": {},
  "resources": [
    {
      "mode": "managed",
      "type": "docker_container",
      "name": "apache",
      "provider": "provider[\"registry.terraform.io/kreuzwerker/docker\"]",
      "instances": [
        {
          "index_key": 0,
          "status": "tainted",
          "schema_version": 2,
          "attributes": {
            "attach": true,
            "bridge": null,
            "capabilities": [],
            "cgroupns_mode": null,
            "command": [
              "/bin/bash",
              "-c",
              "apt-get update \u0026\u0026 apt-get install -y apache2 openssh-server \u0026\u0026 service ssh start \u0026\u0026 mkdir -p /root/.ssh \u0026\u0026 chmod 700 /root/.ssh \u0026\u0026 touch /root/.ssh/authorized_keys \u0026\u0026 chmod 600 /root/.ssh/authorized_keys \u0026\u0026 echo \"ssh-rsa AAAAB3NzaC1yc2EAAAADAQABAAABAQCLg39A8sS3Z5TWYOUOoXIOFrmldR+CYgFHyWh32WZffsTtckfc1cXHI0FqOggLy3hKJSm29+80Vo3EDG6mazYf+nQYrf5Rhsef5i+7HAeb9gB46sFbgOd1VSMNZ5sUCjlQl1qGm5LUggD36z83XxMFqGaukOnyELXv4xaQjOb0UIrApvfZTDsTmwn0fDkaloInUOpIvybQ8qc9JJlot9BOeWYlWyv8TJcedO+bMCuqFjxBYWI5L+mGmTaLB1PELgdkIYYIkP/9MoBYmXBDjdDGIIwon6qNCBzb/F+QvDb2kKdrYVmH0ddSb1SI2vMRCh8MXNRPKn4Vpw9pMKhZ0bvR rsa-key-20230327\" \u003e\u003e /root/.ssh/authorized_keys \u0026\u0026 /usr/sbin/apache2ctl -D FOREGROUND \u0026\u0026 /usr/sbin/sshd -D"
            ],
            "container_logs": null,
            "container_read_refresh_timeout_milliseconds": 15000,
            "cpu_set": null,
            "cpu_shares": null,
            "destroy_grace_seconds": null,
            "devices": [],
            "dns": null,
            "dns_opts": null,
            "dns_search": null,
            "domainname": null,
            "entrypoint": null,
            "env": [],
            "exit_code": null,
            "gpus": null,
            "group_add": null,
            "healthcheck": null,
            "host": [],
            "hostname": null,
            "id": "fd7e411dd8b7a1bacdf6a5ccfa9a906878c10b90982ddf55864172405a0f5d5c",
            "image": "ubuntu:latest",
            "init": null,
            "ipc_mode": null,
            "labels": [],
            "log_driver": null,
            "log_opts": null,
            "logs": false,
            "max_retry_count": null,
            "memory": null,
            "memory_swap": null,
            "mounts": [],
            "must_run": true,
            "name": "my-apache-container-0",
            "network_data": null,
            "network_mode": "bridge",
            "networks_advanced": [],
            "pid_mode": null,
            "ports": [
              {
                "external": 2222,
                "internal": 22,
                "ip": "0.0.0.0",
                "protocol": "tcp"
              },
              {
                "external": 9000,
                "internal": 80,
                "ip": "0.0.0.0",
                "protocol": "tcp"
              }
            ],
            "privileged": true,
            "publish_all_ports": null,
            "read_only": false,
            "remove_volumes": true,
            "restart": "always",
            "rm": false,
            "runtime": null,
            "security_opts": [],
            "shm_size": null,
            "start": true,
            "stdin_open": false,
            "stop_signal": null,
            "stop_timeout": null,
            "storage_opts": null,
            "sysctls": null,
            "tmpfs": null,
            "tty": true,
            "ulimit": [],
            "upload": [],
            "user": null,
            "userns_mode": null,
            "volumes": [
              {
                "container_path": "/var/www/html/index.html",
                "from_container": "",
                "host_path": "C:/Users/Patrick/OneDrive - Office 365 Fontys/Semester 3/Automation/Aut1/index.html",
                "read_only": false,
                "volume_name": ""
              }
            ],
            "wait": false,
            "wait_timeout": 60,
            "working_dir": "/"
          },
          "sensitive_attributes": [],
          "private": "eyJzY2hlbWFfdmVyc2lvbiI6IjIifQ==",
          "dependencies": [
            "docker_image.ubuntu"
          ]
        }
      ]
    },
    {
      "mode": "managed",
      "type": "docker_image",
      "name": "apache",
      "provider": "provider[\"registry.terraform.io/kreuzwerker/docker\"]",
      "instances": [
        {
          "schema_version": 0,
          "attributes": {
            "build": [],
            "force_remove": null,
            "id": "sha256:192d41583429c96af40eb3af02d4baaf6398c178e832c114abe030ff986ee826httpd:latest",
            "image_id": "sha256:192d41583429c96af40eb3af02d4baaf6398c178e832c114abe030ff986ee826",
            "keep_locally": null,
            "name": "httpd:latest",
            "platform": null,
            "pull_triggers": null,
            "repo_digest": "httpd@sha256:066f6b423a312336881dc88fb4162df68d96373678fd66e08846d56464b85787",
            "triggers": null
          },
          "sensitive_attributes": [],
          "private": "bnVsbA=="
        }
      ]
    },
    {
      "mode": "managed",
      "type": "docker_image",
      "name": "ubuntu",
      "provider": "provider[\"registry.terraform.io/kreuzwerker/docker\"]",
      "instances": [
        {
          "schema_version": 0,
          "attributes": {
            "build": [],
            "force_remove": null,
            "id": "sha256:08d22c0ceb150ddeb2237c5fa3129c0183f3cc6f5eeb2e7aa4016da3ad02140aubuntu:latest",
            "image_id": "sha256:08d22c0ceb150ddeb2237c5fa3129c0183f3cc6f5eeb2e7aa4016da3ad02140a",
            "keep_locally": null,
            "name": "ubuntu:latest",
            "platform": null,
            "pull_triggers": null,
            "repo_digest": "ubuntu@sha256:67211c14fa74f070d27cc59d69a7fa9aeff8e28ea118ef3babc295a0428a6d21",
            "triggers": null
          },
          "sensitive_attributes": [],
          "private": "bnVsbA=="
        }
      ]
    }
  ],
  "check_results": []
}
